
Microsoft Visual Studio Solution File, Format Version 12.00
# Visual Studio Version 17
VisualStudioVersion = 17.10.35027.167
MinimumVisualStudioVersion = 10.0.40219.1
Project("{FAE04EC0-301F-11D3-BF4B-00C04F79EFBC}") = "PigLatinBlazor", "PigLatinBlazor\PigLatinBlazor\PigLatinBlazor.csproj", "{F6D15EC7-CC04-4ADB-A64F-BF3C79DC2F13}"
EndProject
Project("{FAE04EC0-301F-11D3-BF4B-00C04F79EFBC}") = "PigLatinBlazor.Client", "PigLatinBlazor\PigLatinBlazor.Client\PigLatinBlazor.Client.csproj", "{6EA04C3F-36B3-44B4-A34F-82AEB58697FE}"
EndProject
Global
	GlobalSection(SolutionConfigurationPlatforms) = preSolution
		Debug|Any CPU = Debug|Any CPU
		Release|Any CPU = Release|Any CPU
	EndGlobalSection
	GlobalSection(ProjectConfigurationPlatforms) = postSolution
		{F6D15EC7-CC04-4ADB-A64F-BF3C79DC2F13}.Debug|Any CPU.ActiveCfg = Debug|Any CPU
		{F6D15EC7-CC04-4ADB-A64F-BF3C79DC2F13}.Debug|Any CPU.Build.0 = Debug|Any CPU
		{F6D15EC7-CC04-4ADB-A64F-BF3C79DC2F13}.Release|Any CPU.ActiveCfg = Release|Any CPU
		{F6D15EC7-CC04-4ADB-A64F-BF3C79DC2F13}.Release|Any CPU.Build.0 = Release|Any CPU
		{6EA04C3F-36B3-44B4-A34F-82AEB58697FE}.Debug|Any CPU.ActiveCfg = Debug|Any CPU
		{6EA04C3F-36B3-44B4-A34F-82AEB58697FE}.Debug|Any CPU.Build.0 = Debug|Any CPU
		{6EA04C3F-36B3-44B4-A34F-82AEB58697FE}.Release|Any CPU.ActiveCfg = Release|Any CPU
		{6EA04C3F-36B3-44B4-A34F-82AEB58697FE}.Release|Any CPU.Build.0 = Release|Any CPU
	EndGlobalSection
	GlobalSection(SolutionProperties) = preSolution
		HideSolutionNode = FALSE
	EndGlobalSection
	GlobalSection(ExtensibilityGlobals) = postSolution
		SolutionGuid = {3E89E91F-E926-4DC2-BA4B-A4CCF677EFB5}
	EndGlobalSection
EndGlobal
